<?xml version="1.0" encoding="utf-8"?>
<Project ToolsVersion="4.0" xmlns="http://schemas.microsoft.com/developer/msbuild/2003">
  <ItemGroup>
    <Filter Include="Source">
      <UniqueIdentifier>{83a35792-c497-46b4-b393-08158813ecf9}</UniqueIdentifier>
    </Filter>
    <Filter Include="Source\Window">
      <UniqueIdentifier>{0f859813-a2a3-4679-844e-e7d9f425c197}</UniqueIdentifier>
    </Filter>
    <Filter Include="Source\String">
      <UniqueIdentifier>{24542d3a-03a7-4990-be85-9cfce429c32f}</UniqueIdentifier>
    </Filter>
    <Filter Include="Source\Timer">
      <UniqueIdentifier>{dc9a2d93-4400-4b3f-8078-e5c839d1ad06}</UniqueIdentifier>
    </Filter>
  </ItemGroup>
  <ItemGroup>
    <ClCompile Include="Source\cAnimatedWindow.cpp">
      <Filter>Source\Window</Filter>
    </ClCompile>
    <ClCompile Include="Source\cDrawingBuffer.cpp">
      <Filter>Source\Window</Filter>
    </ClCompile>
    <ClCompile Include="Source\cWindow.cpp">
      <Filter>Source\Window</Filter>
    </ClCompile>
    <ClCompile Include="Source\cWindowProcedure.cpp">
      <Filter>Source\Window</Filter>
    </ClCompile>
    <ClCompile Include="Source\cWindowClass.cpp">
      <Filter>Source\Window</Filter>
    </ClCompile>
    <ClCompile Include="Source\IntegerToBinaryString.cpp">
      <Filter>Source\String</Filter>
    </ClCompile>
    <ClCompile Include="Source\cHighResolutionTimer.cpp">
      <Filter>Source\Timer</Filter>
    </ClCompile>
  </ItemGroup>
  <ItemGroup>
    <ClInclude Include="Source\Hauk.h">
      <Filter>Source</Filter>
    </ClInclude>
    <ClInclude Include="Source\cAnimatedWindow.h">
      <Filter>Source\Window</Filter>
    </ClInclude>
    <ClInclude Include="Source\cDrawingBuffer.h">
      <Filter>Source\Window</Filter>
    </ClInclude>
    <ClInclude Include="Source\cWindowProcedure.h">
      <Filter>Source\Window</Filter>
    </ClInclude>
    <ClInclude Include="Source\cWindowClass.h">
      <Filter>Source\Window</Filter>
    </ClInclude>
    <ClInclude Include="Source\cWindow.h">
      <Filter>Source\Window</Filter>
    </ClInclude>
    <ClInclude Include="Source\cHighResolutionTimer.h">
      <Filter>Source\Timer</Filter>
    </ClInclude>
    <ClInclude Include="Source\Types.h">
      <Filter>Source</Filter>
    </ClInclude>
    <ClInclude Include="Source\Video.h">
      <Filter>Source</Filter>
    </ClInclude>
  </ItemGroup>
</Project>